# THIS IS AN AUTOGENERATED FILE. DO NOT EDIT THIS FILE DIRECTLY.
# yarn lockfile v1


kafkajs@^1.16.0:
  version "1.16.0"
  resolved "https://registry.yarnpkg.com/kafkajs/-/kafkajs-1.16.0.tgz#bfcc3ae2b69265ca8435b53a01ee9e8787b9fee5"
  integrity sha512-+Rcfu2hyQ/jv5skqRY8xA7Ra+mmRkDAzCaLDYbkGtgsNKpzxPWiLbk8ub0dgr4EbWrN1Zb4BCXHUkD6+zYfdWg==

prettier@^2.5.1:
  version "2.5.1"
  resolved "https://registry.yarnpkg.com/prettier/-/prettier-2.5.1.tgz#fff75fa9d519c54cf0fce328c1017d94546bc56a"
  integrity sha512-vBZcPRUR5MZJwoyi3ZoyQlc1rXeEck8KgeC9AwwOn+exuxLxq5toTRDTSaVrXHxelDMHy9zlicw8u66yxoSUFg==
